<?xml version="1.0" encoding="UTF-8"?>
<CONFIG>
  <ProjectOptions>
    <Version Value="12"/>
    <General>
      <SessionStorage Value="InProjectDir"/>
      <Title Value="KakeiBon"/>
      <Scaled Value="True"/>
      <ResourceType Value="res"/>
      <UseXPManifest Value="True"/>
      <XPManifest>
        <DpiAware Value="True"/>
      </XPManifest>
      <Icon Value="0"/>
    </General>
    <BuildModes>
      <Item Name="Default" Default="True"/>
    </BuildModes>
    <PublishOptions>
      <Version Value="2"/>
      <UseFileFilters Value="True"/>
    </PublishOptions>
    <RunParams>
      <FormatVersion Value="2"/>
    </RunParams>
    <RequiredPackages>
      <Item>
        <PackageName Value="SQLDBLaz"/>
      </Item>
      <Item>
        <PackageName Value="DateTimeCtrlsDsgn"/>
      </Item>
      <Item>
        <PackageName Value="DateTimeCtrls"/>
      </Item>
      <Item>
        <PackageName Value="LCL"/>
      </Item>
    </RequiredPackages>
    <Units>
      <Unit>
        <Filename Value="KakeiBon.lpr"/>
        <IsPartOfProject Value="True"/>
      </Unit>
      <Unit>
        <Filename Value="UAddDetail.pas"/>
        <IsPartOfProject Value="True"/>
        <ComponentName Value="FrmAddDetail"/>
        <HasResources Value="True"/>
        <ResourceBaseClass Value="Form"/>
      </Unit>
      <Unit>
        <Filename Value="UAddDetailsHeader.pas"/>
        <IsPartOfProject Value="True"/>
        <ComponentName Value="FrmAddDetailsHeader"/>
        <HasResources Value="True"/>
        <ResourceBaseClass Value="Form"/>
      </Unit>
      <Unit>
        <Filename Value="UAddUser.pas"/>
        <IsPartOfProject Value="True"/>
        <ComponentName Value="FrmAddUser"/>
        <HasResources Value="True"/>
        <ResourceBaseClass Value="Form"/>
      </Unit>
      <Unit>
        <Filename Value="UDBAccess.pas"/>
        <IsPartOfProject Value="True"/>
      </Unit>
      <Unit>
        <Filename Value="UDefs.pas"/>
        <IsPartOfProject Value="True"/>
      </Unit>
      <Unit>
        <Filename Value="UEditAdmUser.pas"/>
        <IsPartOfProject Value="True"/>
        <ComponentName Value="FrmEditAdmUser"/>
        <HasResources Value="True"/>
        <ResourceBaseClass Value="Form"/>
      </Unit>
      <Unit>
        <Filename Value="UEditDetail.pas"/>
        <IsPartOfProject Value="True"/>
        <ComponentName Value="FrmEditDetail"/>
        <HasResources Value="True"/>
        <ResourceBaseClass Value="Form"/>
      </Unit>
      <Unit>
        <Filename Value="UEditDetailsHeader.pas"/>
        <IsPartOfProject Value="True"/>
        <ComponentName Value="FrmEditDetailsHeader"/>
        <HasResources Value="True"/>
        <ResourceBaseClass Value="Form"/>
      </Unit>
      <Unit>
        <Filename Value="UEditUser.pas"/>
        <IsPartOfProject Value="True"/>
        <ComponentName Value="FrmEditUser"/>
        <HasResources Value="True"/>
        <ResourceBaseClass Value="Form"/>
      </Unit>
      <Unit>
        <Filename Value="UEntryAccount.pas"/>
        <IsPartOfProject Value="True"/>
        <ComponentName Value="FrmEntryAccount"/>
        <HasResources Value="True"/>
        <ResourceBaseClass Value="Form"/>
      </Unit>
      <Unit>
        <Filename Value="UEntryAdmin.pas"/>
        <IsPartOfProject Value="True"/>
        <ComponentName Value="FrmEntryAdmin"/>
        <HasResources Value="True"/>
        <ResourceBaseClass Value="Form"/>
      </Unit>
      <Unit>
        <Filename Value="UEntryBrandName.pas"/>
        <IsPartOfProject Value="True"/>
        <ComponentName Value="FrmEntryBrandName"/>
        <HasResources Value="True"/>
        <ResourceBaseClass Value="Form"/>
      </Unit>
      <Unit>
        <Filename Value="UEntryMaker.pas"/>
        <IsPartOfProject Value="True"/>
        <ComponentName Value="FrmEntryMaker"/>
        <HasResources Value="True"/>
        <ResourceBaseClass Value="Form"/>
      </Unit>
      <Unit>
        <Filename Value="UEntryShop.pas"/>
        <IsPartOfProject Value="True"/>
        <ComponentName Value="FrmEntryShop"/>
        <HasResources Value="True"/>
        <ResourceBaseClass Value="Form"/>
      </Unit>
      <Unit>
        <Filename Value="UEntryUnit.pas"/>
        <IsPartOfProject Value="True"/>
        <ComponentName Value="FrmEntryUnit"/>
        <HasResources Value="True"/>
        <ResourceBaseClass Value="Form"/>
      </Unit>
      <Unit>
        <Filename Value="ULogin.pas"/>
        <IsPartOfProject Value="True"/>
        <ComponentName Value="FrmLogin"/>
        <HasResources Value="True"/>
        <ResourceBaseClass Value="Form"/>
      </Unit>
      <Unit>
        <Filename Value="UManageDetails.pas"/>
        <IsPartOfProject Value="True"/>
        <ComponentName Value="FrmManageDetails"/>
        <HasResources Value="True"/>
        <ResourceBaseClass Value="Form"/>
      </Unit>
      <Unit>
        <Filename Value="UManageExp.pas"/>
        <IsPartOfProject Value="True"/>
        <ComponentName Value="FrmManageExp"/>
        <HasResources Value="True"/>
        <ResourceBaseClass Value="Form"/>
      </Unit>
      <Unit>
        <Filename Value="UManageUser.pas"/>
        <IsPartOfProject Value="True"/>
        <ComponentName Value="FrmManageUser"/>
        <HasResources Value="True"/>
        <ResourceBaseClass Value="Form"/>
      </Unit>
      <Unit>
        <Filename Value="URemoveUser.pas"/>
        <IsPartOfProject Value="True"/>
        <ComponentName Value="FrmRemoveUser"/>
        <HasResources Value="True"/>
        <ResourceBaseClass Value="Form"/>
      </Unit>
      <Unit>
        <Filename Value="UTopMenu.pas"/>
        <IsPartOfProject Value="True"/>
        <ComponentName Value="FrmTopMenu"/>
        <HasResources Value="True"/>
        <ResourceBaseClass Value="Form"/>
      </Unit>
      <Unit>
        <Filename Value="UConsts.pas"/>
        <IsPartOfProject Value="True"/>
      </Unit>
    </Units>
  </ProjectOptions>
  <CompilerOptions>
    <Version Value="11"/>
    <Target>
      <Filename Value="KakeiBon"/>
    </Target>
    <SearchPaths>
      <IncludeFiles Value="$(ProjOutDir)"/>
      <UnitOutputDirectory Value="lib/$(TargetCPU)-$(TargetOS)"/>
    </SearchPaths>
    <Linking>
      <Debugging>
        <DebugInfoType Value="dsDwarf3"/>
      </Debugging>
      <Options>
        <Win32>
          <GraphicApplication Value="True"/>
        </Win32>
      </Options>
    </Linking>
    <Other>
      <CompilerMessages>
        <IgnoredMessages idx5024="True" idx5023="True"/>
      </CompilerMessages>
    </Other>
  </CompilerOptions>
  <Debugging>
    <Exceptions>
      <Item>
        <Name Value="EAbort"/>
      </Item>
      <Item>
        <Name Value="ECodetoolError"/>
      </Item>
      <Item>
        <Name Value="EFOpenError"/>
      </Item>
    </Exceptions>
  </Debugging>
</CONFIG>
